
Microsoft Visual Studio Solution File, Format Version 12.00
# Visual Studio Version 17
VisualStudioVersion = 17.14.37111.16 d17.14
MinimumVisualStudioVersion = 10.0.40219.1
Project("{FAE04EC0-301F-11D3-BF4B-00C04F79EFBC}") = "Function1", "Function1.csproj", "{9D70344B-FD85-4008-A20E-E6C84890286C}"
EndProject
Global
	GlobalSection(SolutionConfigurationPlatforms) = preSolution
		Debug|Any CPU = Debug|Any CPU
		Release|Any CPU = Release|Any CPU
	EndGlobalSection
	GlobalSection(ProjectConfigurationPlatforms) = postSolution
		{9D70344B-FD85-4008-A20E-E6C84890286C}.Debug|Any CPU.ActiveCfg = Debug|Any CPU
		{9D70344B-FD85-4008-A20E-E6C84890286C}.Debug|Any CPU.Build.0 = Debug|Any CPU
		{9D70344B-FD85-4008-A20E-E6C84890286C}.Release|Any CPU.ActiveCfg = Release|Any CPU
		{9D70344B-FD85-4008-A20E-E6C84890286C}.Release|Any CPU.Build.0 = Release|Any CPU
	EndGlobalSection
	GlobalSection(SolutionProperties) = preSolution
		HideSolutionNode = FALSE
	EndGlobalSection
	GlobalSection(ExtensibilityGlobals) = postSolution
		SolutionGuid = {FA582268-FC88-452D-A41E-6A131F43A4B9}
	EndGlobalSection
EndGlobal
