
Microsoft Visual Studio Solution File, Format Version 12.00
# Visual Studio Version 17
VisualStudioVersion = 17.14.37111.16 d17.14
MinimumVisualStudioVersion = 10.0.40219.1
Project("{FAE04EC0-301F-11D3-BF4B-00C04F79EFBC}") = "OOP Principles in C# Tasks", "OOP Principles in C# Tasks.csproj", "{BEE7D483-8228-4AC1-8C68-5D18032AEE65}"
EndProject
Global
	GlobalSection(SolutionConfigurationPlatforms) = preSolution
		Debug|Any CPU = Debug|Any CPU
		Release|Any CPU = Release|Any CPU
	EndGlobalSection
	GlobalSection(ProjectConfigurationPlatforms) = postSolution
		{BEE7D483-8228-4AC1-8C68-5D18032AEE65}.Debug|Any CPU.ActiveCfg = Debug|Any CPU
		{BEE7D483-8228-4AC1-8C68-5D18032AEE65}.Debug|Any CPU.Build.0 = Debug|Any CPU
		{BEE7D483-8228-4AC1-8C68-5D18032AEE65}.Release|Any CPU.ActiveCfg = Release|Any CPU
		{BEE7D483-8228-4AC1-8C68-5D18032AEE65}.Release|Any CPU.Build.0 = Release|Any CPU
	EndGlobalSection
	GlobalSection(SolutionProperties) = preSolution
		HideSolutionNode = FALSE
	EndGlobalSection
	GlobalSection(ExtensibilityGlobals) = postSolution
		SolutionGuid = {3DD3A98B-DFDF-4327-A963-161FB28044D1}
	EndGlobalSection
EndGlobal
