
Microsoft Visual Studio Solution File, Format Version 12.00
# Visual Studio Version 17
VisualStudioVersion = 17.14.37111.16 d17.14
MinimumVisualStudioVersion = 10.0.40219.1
Project("{FAE04EC0-301F-11D3-BF4B-00C04F79EFBC}") = "BasicTasks", "BasicTasks\BasicTasks.csproj", "{FA9DCFF6-B3F2-4C69-B4EC-4F478955534B}"
EndProject
Global
	GlobalSection(SolutionConfigurationPlatforms) = preSolution
		Debug|Any CPU = Debug|Any CPU
		Release|Any CPU = Release|Any CPU
	EndGlobalSection
	GlobalSection(ProjectConfigurationPlatforms) = postSolution
		{FA9DCFF6-B3F2-4C69-B4EC-4F478955534B}.Debug|Any CPU.ActiveCfg = Debug|Any CPU
		{FA9DCFF6-B3F2-4C69-B4EC-4F478955534B}.Debug|Any CPU.Build.0 = Debug|Any CPU
		{FA9DCFF6-B3F2-4C69-B4EC-4F478955534B}.Release|Any CPU.ActiveCfg = Release|Any CPU
		{FA9DCFF6-B3F2-4C69-B4EC-4F478955534B}.Release|Any CPU.Build.0 = Release|Any CPU
	EndGlobalSection
	GlobalSection(SolutionProperties) = preSolution
		HideSolutionNode = FALSE
	EndGlobalSection
	GlobalSection(ExtensibilityGlobals) = postSolution
		SolutionGuid = {8316F620-0951-4616-A330-0BD19AC963EE}
	EndGlobalSection
EndGlobal
